
Microsoft Visual Studio Solution File, Format Version 12.00
# Visual Studio Version 17
VisualStudioVersion = 17.9.34701.34
MinimumVisualStudioVersion = 10.0.40219.1
Project("{8BC9CEB8-8B4A-11D0-8D11-00A0C91BC942}") = "Nguyen_Minh_Vu", "Nguyen_Minh_Vu\Nguyen_Minh_Vu.vcxproj", "{16B5223C-F011-42D7-B2BC-6082AC3736CF}"
EndProject
Global
	GlobalSection(SolutionConfigurationPlatforms) = preSolution
		Debug|x64 = Debug|x64
		Debug|x86 = Debug|x86
		Release|x64 = Release|x64
		Release|x86 = Release|x86
	EndGlobalSection
	GlobalSection(ProjectConfigurationPlatforms) = postSolution
		{16B5223C-F011-42D7-B2BC-6082AC3736CF}.Debug|x64.ActiveCfg = Debug|x64
		{16B5223C-F011-42D7-B2BC-6082AC3736CF}.Debug|x64.Build.0 = Debug|x64
		{16B5223C-F011-42D7-B2BC-6082AC3736CF}.Debug|x86.ActiveCfg = Debug|Win32
		{16B5223C-F011-42D7-B2BC-6082AC3736CF}.Debug|x86.Build.0 = Debug|Win32
		{16B5223C-F011-42D7-B2BC-6082AC3736CF}.Release|x64.ActiveCfg = Release|x64
		{16B5223C-F011-42D7-B2BC-6082AC3736CF}.Release|x64.Build.0 = Release|x64
		{16B5223C-F011-42D7-B2BC-6082AC3736CF}.Release|x86.ActiveCfg = Release|Win32
		{16B5223C-F011-42D7-B2BC-6082AC3736CF}.Release|x86.Build.0 = Release|Win32
	EndGlobalSection
	GlobalSection(SolutionProperties) = preSolution
		HideSolutionNode = FALSE
	EndGlobalSection
	GlobalSection(ExtensibilityGlobals) = postSolution
		SolutionGuid = {16BE93B3-AEE4-4BC9-ABAC-1D2714D3AD6F}
	EndGlobalSection
EndGlobal
